
Microsoft Visual Studio Solution File, Format Version 12.00
# Visual Studio 15
VisualStudioVersion = 15.0.28307.779
MinimumVisualStudioVersion = 10.0.40219.1
Project("{FAE04EC0-301F-11D3-BF4B-00C04F79EFBC}") = "coffeeShop(day4)", "coffeeShop(day2)\coffeeShop(day4).csproj", "{8BA64368-BE86-49FC-81E2-CE2178762515}"
EndProject
Global
	GlobalSection(SolutionConfigurationPlatforms) = preSolution
		Debug|Any CPU = Debug|Any CPU
		Release|Any CPU = Release|Any CPU
	EndGlobalSection
	GlobalSection(ProjectConfigurationPlatforms) = postSolution
		{8BA64368-BE86-49FC-81E2-CE2178762515}.Debug|Any CPU.ActiveCfg = Debug|Any CPU
		{8BA64368-BE86-49FC-81E2-CE2178762515}.Debug|Any CPU.Build.0 = Debug|Any CPU
		{8BA64368-BE86-49FC-81E2-CE2178762515}.Release|Any CPU.ActiveCfg = Release|Any CPU
		{8BA64368-BE86-49FC-81E2-CE2178762515}.Release|Any CPU.Build.0 = Release|Any CPU
	EndGlobalSection
	GlobalSection(SolutionProperties) = preSolution
		HideSolutionNode = FALSE
	EndGlobalSection
	GlobalSection(ExtensibilityGlobals) = postSolution
		SolutionGuid = {75B1C471-F087-4662-9872-E7FD465A1477}
	EndGlobalSection
EndGlobal
