
Microsoft Visual Studio Solution File, Format Version 12.00
# Visual Studio 15
VisualStudioVersion = 15.0.28307.572
MinimumVisualStudioVersion = 10.0.40219.1
Project("{FAE04EC0-301F-11D3-BF4B-00C04F79EFBC}") = "day 5 class", "day 5 class\day 5 class.csproj", "{84480CD0-24F4-4B33-A093-354DB41686D4}"
EndProject
Global
	GlobalSection(SolutionConfigurationPlatforms) = preSolution
		Debug|Any CPU = Debug|Any CPU
		Release|Any CPU = Release|Any CPU
	EndGlobalSection
	GlobalSection(ProjectConfigurationPlatforms) = postSolution
		{84480CD0-24F4-4B33-A093-354DB41686D4}.Debug|Any CPU.ActiveCfg = Debug|Any CPU
		{84480CD0-24F4-4B33-A093-354DB41686D4}.Debug|Any CPU.Build.0 = Debug|Any CPU
		{84480CD0-24F4-4B33-A093-354DB41686D4}.Release|Any CPU.ActiveCfg = Release|Any CPU
		{84480CD0-24F4-4B33-A093-354DB41686D4}.Release|Any CPU.Build.0 = Release|Any CPU
	EndGlobalSection
	GlobalSection(SolutionProperties) = preSolution
		HideSolutionNode = FALSE
	EndGlobalSection
	GlobalSection(ExtensibilityGlobals) = postSolution
		SolutionGuid = {B6053A26-DF65-4AF9-9529-C53D5421B858}
	EndGlobalSection
EndGlobal
